{
  "name": "rww",
  "version": "0.0.7",
  "lockfileVersion": 2,
  "requires": true,
  "packages": {
    "": {
      "version": "0.0.7",
      "dependencies": {
        "fs": "^0.0.1-security",
        "rww": "^0.0.5"
      }
    },
    "node_modules/fs": {
      "version": "0.0.1-security",
      "resolved": "https://registry.npmjs.org/fs/-/fs-0.0.1-security.tgz",
      "integrity": "sha1-invTcYa23d84E/I4WLV+yq9eQdQ="
    },
    "node_modules/rww": {
      "version": "0.0.5",
      "resolved": "https://registry.npmjs.org/rww/-/rww-0.0.5.tgz",
      "integrity": "sha512-4LiSxLkFIPfbwHCd1qavnpAP4Brz4ECnKz5e2L5b8UwQ6Qevn70GiiVoybwC6zK/AWPlaxXUWr2eyOrVbhLGfA==",
      "dependencies": {
        "fs": "^0.0.1-security"
      }
    }
  },
  "dependencies": {
    "fs": {
      "version": "0.0.1-security",
      "resolved": "https://registry.npmjs.org/fs/-/fs-0.0.1-security.tgz",
      "integrity": "sha1-invTcYa23d84E/I4WLV+yq9eQdQ="
    },
    "rww": {
      "version": "0.0.5",
      "resolved": "https://registry.npmjs.org/rww/-/rww-0.0.5.tgz",
      "integrity": "sha512-4LiSxLkFIPfbwHCd1qavnpAP4Brz4ECnKz5e2L5b8UwQ6Qevn70GiiVoybwC6zK/AWPlaxXUWr2eyOrVbhLGfA==",
      "requires": {
        "fs": "^0.0.1-security"
      }
    }
  }
}
